
Microsoft Visual Studio Solution File, Format Version 12.00
Project("{FAE04EC0-301F-11D3-BF4B-00C04F79EFBC}") = "TiApiDemo", "TiApiDemo\TiApiDemo.csproj", "{FFFF9E0E-B0D5-428C-B74C-EB14D3B7FCE4}"
EndProject
Global
	GlobalSection(SolutionConfigurationPlatforms) = preSolution
		Debug|Any CPU = Debug|Any CPU
		Release|Any CPU = Release|Any CPU
	EndGlobalSection
	GlobalSection(ProjectConfigurationPlatforms) = postSolution
		{FFFF9E0E-B0D5-428C-B74C-EB14D3B7FCE4}.Debug|Any CPU.ActiveCfg = Debug|Any CPU
		{FFFF9E0E-B0D5-428C-B74C-EB14D3B7FCE4}.Debug|Any CPU.Build.0 = Debug|Any CPU
		{FFFF9E0E-B0D5-428C-B74C-EB14D3B7FCE4}.Release|Any CPU.ActiveCfg = Release|Any CPU
		{FFFF9E0E-B0D5-428C-B74C-EB14D3B7FCE4}.Release|Any CPU.Build.0 = Release|Any CPU
	EndGlobalSection
EndGlobal
